
Microsoft Visual Studio Solution File, Format Version 12.00
# Visual Studio Version 16
VisualStudioVersion = 16.0.30621.155
MinimumVisualStudioVersion = 10.0.40219.1
Project("{9A19103F-16F7-4668-BE54-9A1E7A4F7556}") = "Day01", "Day01\Day01.csproj", "{FD9F48AC-4AF3-4126-8A2F-D76914B9F4F6}"
EndProject
Project("{9A19103F-16F7-4668-BE54-9A1E7A4F7556}") = "Day02", "Day02\Day02.csproj", "{D3CB5394-32F3-4982-B0E2-F516FA9AB72B}"
EndProject
Project("{9A19103F-16F7-4668-BE54-9A1E7A4F7556}") = "Day03", "Day03\Day03.csproj", "{11556B00-5F4D-42F3-80E2-31067C5B8E93}"
EndProject
Project("{9A19103F-16F7-4668-BE54-9A1E7A4F7556}") = "Day04", "Day04\Day04.csproj", "{E2BF6993-1435-4883-984A-1526E4A9C69A}"
EndProject
Project("{9A19103F-16F7-4668-BE54-9A1E7A4F7556}") = "Day05", "Day05\Day05.csproj", "{6C32A770-3060-4577-9BC9-D4BE10192ADA}"
EndProject
Project("{9A19103F-16F7-4668-BE54-9A1E7A4F7556}") = "Benchmark", "Benchmark\Benchmark.csproj", "{D7BA3E54-280E-4BF1-9AEB-21C2F2681E81}"
EndProject
Project("{9A19103F-16F7-4668-BE54-9A1E7A4F7556}") = "Day06", "Day06\Day06.csproj", "{60265925-DD36-4F1C-9E78-AD64A2CC2F14}"
EndProject
Project("{9A19103F-16F7-4668-BE54-9A1E7A4F7556}") = "Day07", "Day07\Day07.csproj", "{9B39A581-2E3F-4764-B5EB-0144128EFBB8}"
EndProject
Project("{9A19103F-16F7-4668-BE54-9A1E7A4F7556}") = "Day08", "Day08\Day08.csproj", "{9F73A7A3-47FC-4012-B41D-1A53AE5FDAEB}"
EndProject
Project("{9A19103F-16F7-4668-BE54-9A1E7A4F7556}") = "Day09", "Day09\Day09.csproj", "{3B514743-A865-4FF6-8979-FD0E3AD9599C}"
EndProject
Project("{FAE04EC0-301F-11D3-BF4B-00C04F79EFBC}") = "Day10", "Day10\Day10.csproj", "{56BCF5FF-C58F-4336-9B43-15111A8B0CF2}"
EndProject
Global
	GlobalSection(SolutionConfigurationPlatforms) = preSolution
		Debug|Any CPU = Debug|Any CPU
		Release|Any CPU = Release|Any CPU
	EndGlobalSection
	GlobalSection(ProjectConfigurationPlatforms) = postSolution
		{FD9F48AC-4AF3-4126-8A2F-D76914B9F4F6}.Debug|Any CPU.ActiveCfg = Debug|Any CPU
		{FD9F48AC-4AF3-4126-8A2F-D76914B9F4F6}.Debug|Any CPU.Build.0 = Debug|Any CPU
		{FD9F48AC-4AF3-4126-8A2F-D76914B9F4F6}.Release|Any CPU.ActiveCfg = Release|Any CPU
		{FD9F48AC-4AF3-4126-8A2F-D76914B9F4F6}.Release|Any CPU.Build.0 = Release|Any CPU
		{D3CB5394-32F3-4982-B0E2-F516FA9AB72B}.Debug|Any CPU.ActiveCfg = Debug|Any CPU
		{D3CB5394-32F3-4982-B0E2-F516FA9AB72B}.Debug|Any CPU.Build.0 = Debug|Any CPU
		{D3CB5394-32F3-4982-B0E2-F516FA9AB72B}.Release|Any CPU.ActiveCfg = Release|Any CPU
		{D3CB5394-32F3-4982-B0E2-F516FA9AB72B}.Release|Any CPU.Build.0 = Release|Any CPU
		{11556B00-5F4D-42F3-80E2-31067C5B8E93}.Debug|Any CPU.ActiveCfg = Debug|Any CPU
		{11556B00-5F4D-42F3-80E2-31067C5B8E93}.Debug|Any CPU.Build.0 = Debug|Any CPU
		{11556B00-5F4D-42F3-80E2-31067C5B8E93}.Release|Any CPU.ActiveCfg = Release|Any CPU
		{11556B00-5F4D-42F3-80E2-31067C5B8E93}.Release|Any CPU.Build.0 = Release|Any CPU
		{E2BF6993-1435-4883-984A-1526E4A9C69A}.Debug|Any CPU.ActiveCfg = Debug|Any CPU
		{E2BF6993-1435-4883-984A-1526E4A9C69A}.Debug|Any CPU.Build.0 = Debug|Any CPU
		{E2BF6993-1435-4883-984A-1526E4A9C69A}.Release|Any CPU.ActiveCfg = Release|Any CPU
		{E2BF6993-1435-4883-984A-1526E4A9C69A}.Release|Any CPU.Build.0 = Release|Any CPU
		{6C32A770-3060-4577-9BC9-D4BE10192ADA}.Debug|Any CPU.ActiveCfg = Debug|Any CPU
		{6C32A770-3060-4577-9BC9-D4BE10192ADA}.Debug|Any CPU.Build.0 = Debug|Any CPU
		{6C32A770-3060-4577-9BC9-D4BE10192ADA}.Release|Any CPU.ActiveCfg = Release|Any CPU
		{6C32A770-3060-4577-9BC9-D4BE10192ADA}.Release|Any CPU.Build.0 = Release|Any CPU
		{D7BA3E54-280E-4BF1-9AEB-21C2F2681E81}.Debug|Any CPU.ActiveCfg = Debug|Any CPU
		{D7BA3E54-280E-4BF1-9AEB-21C2F2681E81}.Debug|Any CPU.Build.0 = Debug|Any CPU
		{D7BA3E54-280E-4BF1-9AEB-21C2F2681E81}.Release|Any CPU.ActiveCfg = Release|Any CPU
		{D7BA3E54-280E-4BF1-9AEB-21C2F2681E81}.Release|Any CPU.Build.0 = Release|Any CPU
		{60265925-DD36-4F1C-9E78-AD64A2CC2F14}.Debug|Any CPU.ActiveCfg = Debug|Any CPU
		{60265925-DD36-4F1C-9E78-AD64A2CC2F14}.Debug|Any CPU.Build.0 = Debug|Any CPU
		{60265925-DD36-4F1C-9E78-AD64A2CC2F14}.Release|Any CPU.ActiveCfg = Release|Any CPU
		{60265925-DD36-4F1C-9E78-AD64A2CC2F14}.Release|Any CPU.Build.0 = Release|Any CPU
		{9B39A581-2E3F-4764-B5EB-0144128EFBB8}.Debug|Any CPU.ActiveCfg = Debug|Any CPU
		{9B39A581-2E3F-4764-B5EB-0144128EFBB8}.Debug|Any CPU.Build.0 = Debug|Any CPU
		{9B39A581-2E3F-4764-B5EB-0144128EFBB8}.Release|Any CPU.ActiveCfg = Release|Any CPU
		{9B39A581-2E3F-4764-B5EB-0144128EFBB8}.Release|Any CPU.Build.0 = Release|Any CPU
		{9F73A7A3-47FC-4012-B41D-1A53AE5FDAEB}.Debug|Any CPU.ActiveCfg = Debug|Any CPU
		{9F73A7A3-47FC-4012-B41D-1A53AE5FDAEB}.Debug|Any CPU.Build.0 = Debug|Any CPU
		{9F73A7A3-47FC-4012-B41D-1A53AE5FDAEB}.Release|Any CPU.ActiveCfg = Release|Any CPU
		{9F73A7A3-47FC-4012-B41D-1A53AE5FDAEB}.Release|Any CPU.Build.0 = Release|Any CPU
		{3B514743-A865-4FF6-8979-FD0E3AD9599C}.Debug|Any CPU.ActiveCfg = Debug|Any CPU
		{3B514743-A865-4FF6-8979-FD0E3AD9599C}.Debug|Any CPU.Build.0 = Debug|Any CPU
		{3B514743-A865-4FF6-8979-FD0E3AD9599C}.Release|Any CPU.ActiveCfg = Release|Any CPU
		{3B514743-A865-4FF6-8979-FD0E3AD9599C}.Release|Any CPU.Build.0 = Release|Any CPU
		{56BCF5FF-C58F-4336-9B43-15111A8B0CF2}.Debug|Any CPU.ActiveCfg = Debug|Any CPU
		{56BCF5FF-C58F-4336-9B43-15111A8B0CF2}.Debug|Any CPU.Build.0 = Debug|Any CPU
		{56BCF5FF-C58F-4336-9B43-15111A8B0CF2}.Release|Any CPU.ActiveCfg = Release|Any CPU
		{56BCF5FF-C58F-4336-9B43-15111A8B0CF2}.Release|Any CPU.Build.0 = Release|Any CPU
	EndGlobalSection
	GlobalSection(SolutionProperties) = preSolution
		HideSolutionNode = FALSE
	EndGlobalSection
	GlobalSection(ExtensibilityGlobals) = postSolution
		SolutionGuid = {EB716416-07A7-4F45-A1ED-03C51442ED37}
	EndGlobalSection
EndGlobal
